<?xml version="1.0" encoding="utf-8"?>
<Project ToolsVersion="4.0" xmlns="http://schemas.microsoft.com/developer/msbuild/2003">
  <ItemGroup>
    <Filter Include="source">
      <UniqueIdentifier>{bd646c1c-8aad-451a-a74a-d556dbbb317f}</UniqueIdentifier>
    </Filter>
    <Filter Include="source\console">
      <UniqueIdentifier>{ee02a9a3-21e5-4b24-9ea5-5b21d052eed3}</UniqueIdentifier>
    </Filter>
  </ItemGroup>
  <ItemGroup>
    <ClCompile Include="main.cpp">
      <Filter>source</Filter>
    </ClCompile>
  </ItemGroup>
  <ItemGroup>
    <ClInclude Include="Console.h">
      <Filter>source\console</Filter>
    </ClInclude>
  </ItemGroup>
</Project>